// !$*UTF8*$!
{
	archiveVersion = 1;
	classes = {
	};
	objectVersion = 77;
	objects = {

/* Begin PBXContainerItemProxy section */
		E59FE0DF2D4A9E30005032C8 /* PBXContainerItemProxy */ = {
			isa = PBXContainerItemProxy;
			containerPortal = E59FE0BD2D4A9E2B005032C8 /* Project object */;
			proxyType = 1;
			remoteGlobalIDString = E59FE0C42D4A9E2B005032C8;
			remoteInfo = Quidax_clone;
		};
		E59FE0E92D4A9E30005032C8 /* PBXContainerItemProxy */ = {
			isa = PBXContainerItemProxy;
			containerPortal = E59FE0BD2D4A9E2B005032C8 /* Project object */;
			proxyType = 1;
			remoteGlobalIDString = E59FE0C42D4A9E2B005032C8;
			remoteInfo = Quidax_clone;
		};
/* End PBXContainerItemProxy section */

/* Begin PBXFileReference section */
		E59FE0C52D4A9E2B005032C8 /* Quidax_clone.app */ = {isa = PBXFileReference; explicitFileType = wrapper.application; includeInIndex = 0; path = Quidax_clone.app; sourceTree = BUILT_PRODUCTS_DIR; };
		E59FE0DE2D4A9E30005032C8 /* Quidax_cloneTests.xctest */ = {isa = PBXFileReference; explicitFileType = wrapper.cfbundle; includeInIndex = 0; path = Quidax_cloneTests.xctest; sourceTree = BUILT_PRODUCTS_DIR; };
		E59FE0E82D4A9E30005032C8 /* Quidax_cloneUITests.xctest */ = {isa = PBXFileReference; explicitFileType = wrapper.cfbundle; includeInIndex = 0; path = Quidax_cloneUITests.xctest; sourceTree = BUILT_PRODUCTS_DIR; };
/* End PBXFileReference section */

/* Begin PBXFileSystemSynchronizedBuildFileExceptionSet section */
		E59FE0F02D4A9E30005032C8 /* Exceptions for "Quidax_clone" folder in "Quidax_clone" target */ = {
			isa = PBXFileSystemSynchronizedBuildFileExceptionSet;
			membershipExceptions = (
				Info.plist,
			);
			target = E59FE0C42D4A9E2B005032C8 /* Quidax_clone */;
		};
/* End PBXFileSystemSynchronizedBuildFileExceptionSet section */

/* Begin PBXFileSystemSynchronizedRootGroup section */
		E59FE0C72D4A9E2B005032C8 /* Quidax_clone */ = {
			isa = PBXFileSystemSynchronizedRootGroup;
			exceptions = (
				E59FE0F02D4A9E30005032C8 /* Exceptions for "Quidax_clone" folder in "Quidax_clone" target */,
			);
			path = Quidax_clone;
			sourceTree = "<group>";
		};
		E59FE0E12D4A9E30005032C8 /* Quidax_cloneTests */ = {
			isa = PBXFileSystemSynchronizedRootGroup;
			path = Quidax_cloneTests;
			sourceTree = "<group>";
		};
		E59FE0EB2D4A9E30005032C8 /* Quidax_cloneUITests */ = {
			isa = PBXFileSystemSynchronizedRootGroup;
			path = Quidax_cloneUITests;
			sourceTree = "<group>";
		};
/* End PBXFileSystemSynchronizedRootGroup section */

/* Begin PBXFrameworksBuildPhase section */
		E59FE0C22D4A9E2B005032C8 /* Frameworks */ = {
			isa = PBXFrameworksBuildPhase;
			buildActionMask = 2147483647;
			files = (
			);
			runOnlyForDeploymentPostprocessing = 0;
		};
		E59FE0DB2D4A9E30005032C8 /* Frameworks */ = {
			isa = PBXFrameworksBuildPhase;
			buildActionMask = 2147483647;
			files = (
			);
			runOnlyForDeploymentPostprocessing = 0;
		};
		E59FE0E52D4A9E30005032C8 /* Frameworks */ = {
			isa = PBXFrameworksBuildPhase;
			buildActionMask = 2147483647;
			files = (
			);
			runOnlyForDeploymentPostprocessing = 0;
		};
/* End PBXFrameworksBuildPhase section */

/* Begin PBXGroup section */
		E59FE0BC2D4A9E2B005032C8 = {
			isa = PBXGroup;
			children = (
				E59FE0C72D4A9E2B005032C8 /* Quidax_clone */,
				E59FE0E12D4A9E30005032C8 /* Quidax_cloneTests */,
				E59FE0EB2D4A9E30005032C8 /* Quidax_cloneUITests */,
				E59FE0C62D4A9E2B005032C8 /* Products */,
			);
			sourceTree = "<group>";
		};
		E59FE0C62D4A9E2B005032C8 /* Products */ = {
			isa = PBXGroup;
			children = (
				E59FE0C52D4A9E2B005032C8 /* Quidax_clone.app */,
				E59FE0DE2D4A9E30005032C8 /* Quidax_cloneTests.xctest */,
				E59FE0E82D4A9E30005032C8 /* Quidax_cloneUITests.xctest */,
			);
			name = Products;
			sourceTree = "<group>";
		};
/* End PBXGroup section */

/* Begin PBXNativeTarget section */
		E59FE0C42D4A9E2B005032C8 /* Quidax_clone */ = {
			isa = PBXNativeTarget;
			buildConfigurationList = E59FE0F12D4A9E30005032C8 /* Build configuration list for PBXNativeTarget "Quidax_clone" */;
			buildPhases = (
				E59FE0C12D4A9E2B005032C8 /* Sources */,
				E59FE0C22D4A9E2B005032C8 /* Frameworks */,
				E59FE0C32D4A9E2B005032C8 /* Resources */,
			);
			buildRules = (
			);
			dependencies = (
			);
			fileSystemSynchronizedGroups = (
				E59FE0C72D4A9E2B005032C8 /* Quidax_clone */,
			);
			name = Quidax_clone;
			packageProductDependencies = (
			);
			productName = Quidax_clone;
			productReference = E59FE0C52D4A9E2B005032C8 /* Quidax_clone.app */;
			productType = "com.apple.product-type.application";
		};
		E59FE0DD2D4A9E30005032C8 /* Quidax_cloneTests */ = {
			isa = PBXNativeTarget;
			buildConfigurationList = E59FE0F62D4A9E30005032C8 /* Build configuration list for PBXNativeTarget "Quidax_cloneTests" */;
			buildPhases = (
				E59FE0DA2D4A9E30005032C8 /* Sources */,
				E59FE0DB2D4A9E30005032C8 /* Frameworks */,
				E59FE0DC2D4A9E30005032C8 /* Resources */,
			);
			buildRules = (
			);
			dependencies = (
				E59FE0E02D4A9E30005032C8 /* PBXTargetDependency */,
			);
			fileSystemSynchronizedGroups = (
				E59FE0E12D4A9E30005032C8 /* Quidax_cloneTests */,
			);
			name = Quidax_cloneTests;
			packageProductDependencies = (
			);
			productName = Quidax_cloneTests;
			productReference = E59FE0DE2D4A9E30005032C8 /* Quidax_cloneTests.xctest */;
			productType = "com.apple.product-type.bundle.unit-test";
		};
		E59FE0E72D4A9E30005032C8 /* Quidax_cloneUITests */ = {
			isa = PBXNativeTarget;
			buildConfigurationList = E59FE0F92D4A9E30005032C8 /* Build configuration list for PBXNativeTarget "Quidax_cloneUITests" */;
			buildPhases = (
				E59FE0E42D4A9E30005032C8 /* Sources */,
				E59FE0E52D4A9E30005032C8 /* Frameworks */,
				E59FE0E62D4A9E30005032C8 /* Resources */,
			);
			buildRules = (
			);
			dependencies = (
				E59FE0EA2D4A9E30005032C8 /* PBXTargetDependency */,
			);
			fileSystemSynchronizedGroups = (
				E59FE0EB2D4A9E30005032C8 /* Quidax_cloneUITests */,
			);
			name = Quidax_cloneUITests;
			packageProductDependencies = (
			);
			productName = Quidax_cloneUITests;
			productReference = E59FE0E82D4A9E30005032C8 /* Quidax_cloneUITests.xctest */;
			productType = "com.apple.product-type.bundle.ui-testing";
		};
/* End PBXNativeTarget section */

/* Begin PBXProject section */
		E59FE0BD2D4A9E2B005032C8 /* Project object */ = {
			isa = PBXProject;
			attributes = {
				BuildIndependentTargetsInParallel = 1;
				LastSwiftUpdateCheck = 1610;
				LastUpgradeCheck = 1610;
				TargetAttributes = {
					E59FE0C42D4A9E2B005032C8 = {
						CreatedOnToolsVersion = 16.1;
					};
					E59FE0DD2D4A9E30005032C8 = {
						CreatedOnToolsVersion = 16.1;
						TestTargetID = E59FE0C42D4A9E2B005032C8;
					};
					E59FE0E72D4A9E30005032C8 = {
						CreatedOnToolsVersion = 16.1;
						TestTargetID = E59FE0C42D4A9E2B005032C8;
					};
				};
			};
			buildConfigurationList = E59FE0C02D4A9E2B005032C8 /* Build configuration list for PBXProject "Quidax_clone" */;
			developmentRegion = en;
			hasScannedForEncodings = 0;
			knownRegions = (
				en,
				Base,
			);
			mainGroup = E59FE0BC2D4A9E2B005032C8;
			minimizedProjectReferenceProxies = 1;
			preferredProjectObjectVersion = 77;
			productRefGroup = E59FE0C62D4A9E2B005032C8 /* Products */;
			projectDirPath = "";
			projectRoot = "";
			targets = (
				E59FE0C42D4A9E2B005032C8 /* Quidax_clone */,
				E59FE0DD2D4A9E30005032C8 /* Quidax_cloneTests */,
				E59FE0E72D4A9E30005032C8 /* Quidax_cloneUITests */,
			);
		};
/* End PBXProject section */

/* Begin PBXResourcesBuildPhase section */
		E59FE0C32D4A9E2B005032C8 /* Resources */ = {
			isa = PBXResourcesBuildPhase;
			buildActionMask = 2147483647;
			files = (
			);
			runOnlyForDeploymentPostprocessing = 0;
		};
		E59FE0DC2D4A9E30005032C8 /* Resources */ = {
			isa = PBXResourcesBuildPhase;
			buildActionMask = 2147483647;
			files = (
			);
			runOnlyForDeploymentPostprocessing = 0;
		};
		E59FE0E62D4A9E30005032C8 /* Resources */ = {
			isa = PBXResourcesBuildPhase;
			buildActionMask = 2147483647;
			files = (
			);
			runOnlyForDeploymentPostprocessing = 0;
		};
/* End PBXResourcesBuildPhase section */

/* Begin PBXSourcesBuildPhase section */
		E59FE0C12D4A9E2B005032C8 /* Sources */ = {
			isa = PBXSourcesBuildPhase;
			buildActionMask = 2147483647;
			files = (
			);
			runOnlyForDeploymentPostprocessing = 0;
		};
		E59FE0DA2D4A9E30005032C8 /* Sources */ = {
			isa = PBXSourcesBuildPhase;
			buildActionMask = 2147483647;
			files = (
			);
			runOnlyForDeploymentPostprocessing = 0;
		};
		E59FE0E42D4A9E30005032C8 /* Sources */ = {
			isa = PBXSourcesBuildPhase;
			buildActionMask = 2147483647;
			files = (
			);
			runOnlyForDeploymentPostprocessing = 0;
		};
/* End PBXSourcesBuildPhase section */

/* Begin PBXTargetDependency section */
		E59FE0E02D4A9E30005032C8 /* PBXTargetDependency */ = {
			isa = PBXTargetDependency;
			target = E59FE0C42D4A9E2B005032C8 /* Quidax_clone */;
			targetProxy = E59FE0DF2D4A9E30005032C8 /* PBXContainerItemProxy */;
		};
		E59FE0EA2D4A9E30005032C8 /* PBXTargetDependency */ = {
			isa = PBXTargetDependency;
			target = E59FE0C42D4A9E2B005032C8 /* Quidax_clone */;
			targetProxy = E59FE0E92D4A9E30005032C8 /* PBXContainerItemProxy */;
		};
/* End PBXTargetDependency section */

/* Begin XCBuildConfiguration section */
		E59FE0F22D4A9E30005032C8 /* Debug */ = {
			isa = XCBuildConfiguration;
			buildSettings = {
				ASSETCATALOG_COMPILER_APPICON_NAME = AppIcon;
				ASSETCATALOG_COMPILER_GLOBAL_ACCENT_COLOR_NAME = AccentColor;
				CODE_SIGN_STYLE = Automatic;
				CURRENT_PROJECT_VERSION = 1;
				GENERATE_INFOPLIST_FILE = YES;
				INFOPLIST_FILE = Quidax_clone/Info.plist;
				INFOPLIST_KEY_UIApplicationSupportsIndirectInputEvents = YES;
				INFOPLIST_KEY_UILaunchStoryboardName = LaunchScreen;
				INFOPLIST_KEY_UIMainStoryboardFile = Main;
				INFOPLIST_KEY_UISupportedInterfaceOrientations_iPad = "UIInterfaceOrientationPortrait UIInterfaceOrientationPortraitUpsideDown UIInterfaceOrientationLandscapeLeft UIInterfaceOrientationLandscapeRight";
				INFOPLIST_KEY_UISupportedInterfaceOrientations_iPhone = "UIInterfaceOrientationPortrait UIInterfaceOrientationLandscapeLeft UIInterfaceOrientationLandscapeRight";
				LD_RUNPATH_SEARCH_PATHS = (
					"$(inherited)",
					"@executable_path/Frameworks",
				);
				MARKETING_VERSION = 1.0;
				PRODUCT_BUNDLE_IDENTIFIER = "com.example.app.Quidax-clone";
				PRODUCT_NAME = "$(TARGET_NAME)";
				SWIFT_EMIT_LOC_STRINGS = YES;
				SWIFT_VERSION = 5.0;
				TARGETED_DEVICE_FAMILY = "1,2";
			};
			name = Debug;
		};
		E59FE0F32D4A9E30005032C8 /* Release */ = {
			isa = XCBuildConfiguration;
			buildSettings = {
				ASSETCATALOG_COMPILER_APPICON_NAME = AppIcon;
				ASSETCATALOG_COMPILER_GLOBAL_ACCENT_COLOR_NAME = AccentColor;
				CODE_SIGN_STYLE = Automatic;
				CURRENT_PROJECT_VERSION = 1;
				GENERATE_INFOPLIST_FILE = YES;
				INFOPLIST_FILE = Quidax_clone/Info.plist;
				INFOPLIST_KEY_UIApplicationSupportsIndirectInputEvents = YES;
				INFOPLIST_KEY_UILaunchStoryboardName = LaunchScreen;
				INFOPLIST_KEY_UIMainStoryboardFile = Main;
				INFOPLIST_KEY_UISupportedInterfaceOrientations_iPad = "UIInterfaceOrientationPortrait UIInterfaceOrientationPortraitUpsideDown UIInterfaceOrientationLandscapeLeft UIInterfaceOrientationLandscapeRight";
				INFOPLIST_KEY_UISupportedInterfaceOrientations_iPhone = "UIInterfaceOrientationPortrait UIInterfaceOrientationLandscapeLeft UIInterfaceOrientationLandscapeRight";
				LD_RUNPATH_SEARCH_PATHS = (
					"$(inherited)",
					"@executable_path/Frameworks",
				);
				MARKETING_VERSION = 1.0;
				PRODUCT_BUNDLE_IDENTIFIER = "com.example.app.Quidax-clone";
				PRODUCT_NAME = "$(TARGET_NAME)";
				SWIFT_EMIT_LOC_STRINGS = YES;
				SWIFT_VERSION = 5.0;
				TARGETED_DEVICE_FAMILY = "1,2";
			};
			name = Release;
		};
		E59FE0F42D4A9E30005032C8 /* Debug */ = {
			isa = XCBuildConfiguration;
			buildSettings = {
				ALWAYS_SEARCH_USER_PATHS = NO;
				ASSETCATALOG_COMPILER_GENERATE_SWIFT_ASSET_SYMBOL_EXTENSIONS = YES;
				CLANG_ANALYZER_NONNULL = YES;
				CLANG_ANALYZER_NUMBER_OBJECT_CONVERSION = YES_AGGRESSIVE;
				CLANG_CXX_LANGUAGE_STANDARD = "gnu++20";
				CLANG_ENABLE_MODULES = YES;
				CLANG_ENABLE_OBJC_ARC = YES;
				CLANG_ENABLE_OBJC_WEAK = YES;
				CLANG_WARN_BLOCK_CAPTURE_AUTORELEASING = YES;
				CLANG_WARN_BOOL_CONVERSION = YES;
				CLANG_WARN_COMMA = YES;
				CLANG_WARN_CONSTANT_CONVERSION = YES;
				CLANG_WARN_DEPRECATED_OBJC_IMPLEMENTATIONS = YES;
				CLANG_WARN_DIRECT_OBJC_ISA_USAGE = YES_ERROR;
				CLANG_WARN_DOCUMENTATION_COMMENTS = YES;
				CLANG_WARN_EMPTY_BODY = YES;
				CLANG_WARN_ENUM_CONVERSION = YES;
				CLANG_WARN_INFINITE_RECURSION = YES;
				CLANG_WARN_INT_CONVERSION = YES;
				CLANG_WARN_NON_LITERAL_NULL_CONVERSION = YES;
				CLANG_WARN_OBJC_IMPLICIT_RETAIN_SELF = YES;
				CLANG_WARN_OBJC_LITERAL_CONVERSION = YES;
				CLANG_WARN_OBJC_ROOT_CLASS = YES_ERROR;
				CLANG_WARN_QUOTED_INCLUDE_IN_FRAMEWORK_HEADER = YES;
				CLANG_WARN_RANGE_LOOP_ANALYSIS = YES;
				CLANG_WARN_STRICT_PROTOTYPES = YES;
				CLANG_WARN_SUSPICIOUS_MOVE = YES;
				CLANG_WARN_UNGUARDED_AVAILABILITY = YES_AGGRESSIVE;
				CLANG_WARN_UNREACHABLE_CODE = YES;
				CLANG_WARN__DUPLICATE_METHOD_MATCH = YES;
				COPY_PHASE_STRIP = NO;
				DEBUG_INFORMATION_FORMAT = dwarf;
				ENABLE_STRICT_OBJC_MSGSEND = YES;
				ENABLE_TESTABILITY = YES;
				ENABLE_USER_SCRIPT_SANDBOXING = YES;
				GCC_C_LANGUAGE_STANDARD = gnu17;
				GCC_DYNAMIC_NO_PIC = NO;
				GCC_NO_COMMON_BLOCKS = YES;
				GCC_OPTIMIZATION_LEVEL = 0;
				GCC_PREPROCESSOR_DEFINITIONS = (
					"DEBUG=1",
					"$(inherited)",
				);
				GCC_WARN_64_TO_32_BIT_CONVERSION = YES;
				GCC_WARN_ABOUT_RETURN_TYPE = YES_ERROR;
				GCC_WARN_UNDECLARED_SELECTOR = YES;
				GCC_WARN_UNINITIALIZED_AUTOS = YES_AGGRESSIVE;
				GCC_WARN_UNUSED_FUNCTION = YES;
				GCC_WARN_UNUSED_VARIABLE = YES;
				IPHONEOS_DEPLOYMENT_TARGET = 18.1;
				LOCALIZATION_PREFERS_STRING_CATALOGS = YES;
				MTL_ENABLE_DEBUG_INFO = INCLUDE_SOURCE;
				MTL_FAST_MATH = YES;
				ONLY_ACTIVE_ARCH = YES;
				SDKROOT = iphoneos;
				SWIFT_ACTIVE_COMPILATION_CONDITIONS = "DEBUG $(inherited)";
				SWIFT_OPTIMIZATION_LEVEL = "-Onone";
			};
			name = Debug;
		};
		E59FE0F52D4A9E30005032C8 /* Release */ = {
			isa = XCBuildConfiguration;
			buildSettings = {
				ALWAYS_SEARCH_USER_PATHS = NO;
				ASSETCATALOG_COMPILER_GENERATE_SWIFT_ASSET_SYMBOL_EXTENSIONS = YES;
				CLANG_ANALYZER_NONNULL = YES;
				CLANG_ANALYZER_NUMBER_OBJECT_CONVERSION = YES_AGGRESSIVE;
				CLANG_CXX_LANGUAGE_STANDARD = "gnu++20";
				CLANG_ENABLE_MODULES = YES;
				CLANG_ENABLE_OBJC_ARC = YES;
				CLANG_ENABLE_OBJC_WEAK = YES;
				CLANG_WARN_BLOCK_CAPTURE_AUTORELEASING = YES;
				CLANG_WARN_BOOL_CONVERSION = YES;
				CLANG_WARN_COMMA = YES;
				CLANG_WARN_CONSTANT_CONVERSION = YES;
				CLANG_WARN_DEPRECATED_OBJC_IMPLEMENTATIONS = YES;
				CLANG_WARN_DIRECT_OBJC_ISA_USAGE = YES_ERROR;
				CLANG_WARN_DOCUMENTATION_COMMENTS = YES;
				CLANG_WARN_EMPTY_BODY = YES;
				CLANG_WARN_ENUM_CONVERSION = YES;
				CLANG_WARN_INFINITE_RECURSION = YES;
				CLANG_WARN_INT_CONVERSION = YES;
				CLANG_WARN_NON_LITERAL_NULL_CONVERSION = YES;
				CLANG_WARN_OBJC_IMPLICIT_RETAIN_SELF = YES;
				CLANG_WARN_OBJC_LITERAL_CONVERSION = YES;
				CLANG_WARN_OBJC_ROOT_CLASS = YES_ERROR;
				CLANG_WARN_QUOTED_INCLUDE_IN_FRAMEWORK_HEADER = YES;
				CLANG_WARN_RANGE_LOOP_ANALYSIS = YES;
				CLANG_WARN_STRICT_PROTOTYPES = YES;
				CLANG_WARN_SUSPICIOUS_MOVE = YES;
				CLANG_WARN_UNGUARDED_AVAILABILITY = YES_AGGRESSIVE;
				CLANG_WARN_UNREACHABLE_CODE = YES;
				CLANG_WARN__DUPLICATE_METHOD_MATCH = YES;
				COPY_PHASE_STRIP = NO;
				DEBUG_INFORMATION_FORMAT = "dwarf-with-dsym";
				ENABLE_NS_ASSERTIONS = NO;
				ENABLE_STRICT_OBJC_MSGSEND = YES;
				ENABLE_USER_SCRIPT_SANDBOXING = YES;
				GCC_C_LANGUAGE_STANDARD = gnu17;
				GCC_NO_COMMON_BLOCKS = YES;
				GCC_WARN_64_TO_32_BIT_CONVERSION = YES;
				GCC_WARN_ABOUT_RETURN_TYPE = YES_ERROR;
				GCC_WARN_UNDECLARED_SELECTOR = YES;
				GCC_WARN_UNINITIALIZED_AUTOS = YES_AGGRESSIVE;
				GCC_WARN_UNUSED_FUNCTION = YES;
				GCC_WARN_UNUSED_VARIABLE = YES;
				IPHONEOS_DEPLOYMENT_TARGET = 18.1;
				LOCALIZATION_PREFERS_STRING_CATALOGS = YES;
				MTL_ENABLE_DEBUG_INFO = NO;
				MTL_FAST_MATH = YES;
				SDKROOT = iphoneos;
				SWIFT_COMPILATION_MODE = wholemodule;
				VALIDATE_PRODUCT = YES;
			};
			name = Release;
		};
		E59FE0F72D4A9E30005032C8 /* Debug */ = {
			isa = XCBuildConfiguration;
			buildSettings = {
				BUNDLE_LOADER = "$(TEST_HOST)";
				CODE_SIGN_STYLE = Automatic;
				CURRENT_PROJECT_VERSION = 1;
				GENERATE_INFOPLIST_FILE = YES;
				IPHONEOS_DEPLOYMENT_TARGET = 18.1;
				MARKETING_VERSION = 1.0;
				PRODUCT_BUNDLE_IDENTIFIER = "com.example.app.Quidax-cloneTests";
				PRODUCT_NAME = "$(TARGET_NAME)";
				SWIFT_EMIT_LOC_STRINGS = NO;
				SWIFT_VERSION = 5.0;
				TARGETED_DEVICE_FAMILY = "1,2";
				TEST_HOST = "$(BUILT_PRODUCTS_DIR)/Quidax_clone.app/$(BUNDLE_EXECUTABLE_FOLDER_PATH)/Quidax_clone";
			};
			name = Debug;
		};
		E59FE0F82D4A9E30005032C8 /* Release */ = {
			isa = XCBuildConfiguration;
			buildSettings = {
				BUNDLE_LOADER = "$(TEST_HOST)";
				CODE_SIGN_STYLE = Automatic;
				CURRENT_PROJECT_VERSION = 1;
				GENERATE_INFOPLIST_FILE = YES;
				IPHONEOS_DEPLOYMENT_TARGET = 18.1;
				MARKETING_VERSION = 1.0;
				PRODUCT_BUNDLE_IDENTIFIER = "com.example.app.Quidax-cloneTests";
				PRODUCT_NAME = "$(TARGET_NAME)";
				SWIFT_EMIT_LOC_STRINGS = NO;
				SWIFT_VERSION = 5.0;
				TARGETED_DEVICE_FAMILY = "1,2";
				TEST_HOST = "$(BUILT_PRODUCTS_DIR)/Quidax_clone.app/$(BUNDLE_EXECUTABLE_FOLDER_PATH)/Quidax_clone";
			};
			name = Release;
		};
		E59FE0FA2D4A9E30005032C8 /* Debug */ = {
			isa = XCBuildConfiguration;
			buildSettings = {
				CODE_SIGN_STYLE = Automatic;
				CURRENT_PROJECT_VERSION = 1;
				GENERATE_INFOPLIST_FILE = YES;
				MARKETING_VERSION = 1.0;
				PRODUCT_BUNDLE_IDENTIFIER = "com.example.app.Quidax-cloneUITests";
				PRODUCT_NAME = "$(TARGET_NAME)";
				SWIFT_EMIT_LOC_STRINGS = NO;
				SWIFT_VERSION = 5.0;
				TARGETED_DEVICE_FAMILY = "1,2";
				TEST_TARGET_NAME = Quidax_clone;
			};
			name = Debug;
		};
		E59FE0FB2D4A9E30005032C8 /* Release */ = {
			isa = XCBuildConfiguration;
			buildSettings = {
				CODE_SIGN_STYLE = Automatic;
				CURRENT_PROJECT_VERSION = 1;
				GENERATE_INFOPLIST_FILE = YES;
				MARKETING_VERSION = 1.0;
				PRODUCT_BUNDLE_IDENTIFIER = "com.example.app.Quidax-cloneUITests";
				PRODUCT_NAME = "$(TARGET_NAME)";
				SWIFT_EMIT_LOC_STRINGS = NO;
				SWIFT_VERSION = 5.0;
				TARGETED_DEVICE_FAMILY = "1,2";
				TEST_TARGET_NAME = Quidax_clone;
			};
			name = Release;
		};
/* End XCBuildConfiguration section */

/* Begin XCConfigurationList section */
		E59FE0C02D4A9E2B005032C8 /* Build configuration list for PBXProject "Quidax_clone" */ = {
			isa = XCConfigurationList;
			buildConfigurations = (
				E59FE0F42D4A9E30005032C8 /* Debug */,
				E59FE0F52D4A9E30005032C8 /* Release */,
			);
			defaultConfigurationIsVisible = 0;
			defaultConfigurationName = Release;
		};
		E59FE0F12D4A9E30005032C8 /* Build configuration list for PBXNativeTarget "Quidax_clone" */ = {
			isa = XCConfigurationList;
			buildConfigurations = (
				E59FE0F22D4A9E30005032C8 /* Debug */,
				E59FE0F32D4A9E30005032C8 /* Release */,
			);
			defaultConfigurationIsVisible = 0;
			defaultConfigurationName = Release;
		};
		E59FE0F62D4A9E30005032C8 /* Build configuration list for PBXNativeTarget "Quidax_cloneTests" */ = {
			isa = XCConfigurationList;
			buildConfigurations = (
				E59FE0F72D4A9E30005032C8 /* Debug */,
				E59FE0F82D4A9E30005032C8 /* Release */,
			);
			defaultConfigurationIsVisible = 0;
			defaultConfigurationName = Release;
		};
		E59FE0F92D4A9E30005032C8 /* Build configuration list for PBXNativeTarget "Quidax_cloneUITests" */ = {
			isa = XCConfigurationList;
			buildConfigurations = (
				E59FE0FA2D4A9E30005032C8 /* Debug */,
				E59FE0FB2D4A9E30005032C8 /* Release */,
			);
			defaultConfigurationIsVisible = 0;
			defaultConfigurationName = Release;
		};
/* End XCConfigurationList section */
	};
	rootObject = E59FE0BD2D4A9E2B005032C8 /* Project object */;
}
